// !$*UTF8*$!
{
	archiveVersion = 1;
	classes = {
	};
	objectVersion = 46;
	objects = {

/* Begin PBXBuildFile section */
		6D2800BC13760D3E00BD8D0D /* Cocoa.framework in Frameworks */ = {isa = PBXBuildFile; fileRef = 6D2800BB13760D3E00BD8D0D /* Cocoa.framework */; };
		6D2800E113760D7400BD8D0D /* libPolycore.a in Frameworks */ = {isa = PBXBuildFile; fileRef = 6D2800E013760D7400BD8D0D /* libPolycore.a */; };
		6D2800F213760DD500BD8D0D /* OpenGL.framework in Frameworks */ = {isa = PBXBuildFile; fileRef = 6D2800F113760DD500BD8D0D /* OpenGL.framework */; };
		6D2800F413760DDA00BD8D0D /* OpenAL.framework in Frameworks */ = {isa = PBXBuildFile; fileRef = 6D2800F313760DDA00BD8D0D /* OpenAL.framework */; };
		6D2800F613760DE400BD8D0D /* IOKit.framework in Frameworks */ = {isa = PBXBuildFile; fileRef = 6D2800F513760DE400BD8D0D /* IOKit.framework */; };
		6DE4C7F513E24B92009A9862 /* libfreetype.a in Frameworks */ = {isa = PBXBuildFile; fileRef = 6DE4C7EE13E24B92009A9862 /* libfreetype.a */; };
		6DE4C7F613E24B92009A9862 /* liblibogg.a in Frameworks */ = {isa = PBXBuildFile; fileRef = 6DE4C7EF13E24B92009A9862 /* liblibogg.a */; };
		6DE4C7F713E24B92009A9862 /* liblibvorbis.a in Frameworks */ = {isa = PBXBuildFile; fileRef = 6DE4C7F013E24B92009A9862 /* liblibvorbis.a */; };
		6DE4C7F813E24B92009A9862 /* liblibvorbisfile.a in Frameworks */ = {isa = PBXBuildFile; fileRef = 6DE4C7F113E24B92009A9862 /* liblibvorbisfile.a */; };
		6DE4C7F913E24B92009A9862 /* libphysfs.a in Frameworks */ = {isa = PBXBuildFile; fileRef = 6DE4C7F213E24B92009A9862 /* libphysfs.a */; };
		6DE4C7FA13E24B92009A9862 /* libpng15.a in Frameworks */ = {isa = PBXBuildFile; fileRef = 6DE4C7F313E24B92009A9862 /* libpng15.a */; };
		6DE4C7FB13E24B92009A9862 /* libz.a in Frameworks */ = {isa = PBXBuildFile; fileRef = 6DE4C7F413E24B92009A9862 /* libz.a */; };
		F262FAB6180236C5008D0205 /* default.pak in Resources */ = {isa = PBXBuildFile; fileRef = F262FAB5180236C5008D0205 /* default.pak */; };
		F262FAB9180236DA008D0205 /* PolycodeView.mm in Sources */ = {isa = PBXBuildFile; fileRef = F262FAB8180236DA008D0205 /* PolycodeView.mm */; };
		F262FAC918023736008D0205 /* AxeGame.cpp in Sources */ = {isa = PBXBuildFile; fileRef = F262FABB18023736008D0205 /* AxeGame.cpp */; };
		F262FACA18023736008D0205 /* Game.cpp in Sources */ = {isa = PBXBuildFile; fileRef = F262FABD18023736008D0205 /* Game.cpp */; };
		F262FACB18023736008D0205 /* GameEntity.cpp in Sources */ = {isa = PBXBuildFile; fileRef = F262FABF18023736008D0205 /* GameEntity.cpp */; };
		F262FACC18023736008D0205 /* GameState.cpp in Sources */ = {isa = PBXBuildFile; fileRef = F262FAC118023736008D0205 /* GameState.cpp */; };
		F262FACD18023736008D0205 /* LevelState.cpp in Sources */ = {isa = PBXBuildFile; fileRef = F262FAC318023736008D0205 /* LevelState.cpp */; };
		F262FACE18023736008D0205 /* MenuState.cpp in Sources */ = {isa = PBXBuildFile; fileRef = F262FAC518023736008D0205 /* MenuState.cpp */; };
		F262FACF18023736008D0205 /* Player.cpp in Sources */ = {isa = PBXBuildFile; fileRef = F262FAC718023736008D0205 /* Player.cpp */; };
		F270EDDD1802369600602266 /* main.m in Sources */ = {isa = PBXBuildFile; fileRef = F270EDD61802369600602266 /* main.m */; };
		F270EDDE1802369600602266 /* MainMenu.xib in Resources */ = {isa = PBXBuildFile; fileRef = F270EDD71802369600602266 /* MainMenu.xib */; };
		F270EDDF1802369600602266 /* PolycodeTemplate-Info.plist in Resources */ = {isa = PBXBuildFile; fileRef = F270EDD81802369600602266 /* PolycodeTemplate-Info.plist */; };
		F270EDE01802369600602266 /* PolycodeTemplateAppDelegate.mm in Sources */ = {isa = PBXBuildFile; fileRef = F270EDDB1802369600602266 /* PolycodeTemplateAppDelegate.mm */; };
/* End PBXBuildFile section */

/* Begin PBXFileReference section */
		6D2800B713760D3E00BD8D0D /* PolycodeTemplate.app */ = {isa = PBXFileReference; explicitFileType = wrapper.application; includeInIndex = 0; path = PolycodeTemplate.app; sourceTree = BUILT_PRODUCTS_DIR; };
		6D2800BB13760D3E00BD8D0D /* Cocoa.framework */ = {isa = PBXFileReference; lastKnownFileType = wrapper.framework; name = Cocoa.framework; path = System/Library/Frameworks/Cocoa.framework; sourceTree = SDKROOT; };
		6D2800BE13760D3E00BD8D0D /* AppKit.framework */ = {isa = PBXFileReference; lastKnownFileType = wrapper.framework; name = AppKit.framework; path = System/Library/Frameworks/AppKit.framework; sourceTree = SDKROOT; };
		6D2800BF13760D3E00BD8D0D /* CoreData.framework */ = {isa = PBXFileReference; lastKnownFileType = wrapper.framework; name = CoreData.framework; path = System/Library/Frameworks/CoreData.framework; sourceTree = SDKROOT; };
		6D2800C013760D3E00BD8D0D /* Foundation.framework */ = {isa = PBXFileReference; lastKnownFileType = wrapper.framework; name = Foundation.framework; path = System/Library/Frameworks/Foundation.framework; sourceTree = SDKROOT; };
		6D2800E013760D7400BD8D0D /* libPolycore.a */ = {isa = PBXFileReference; lastKnownFileType = archive.ar; name = libPolycore.a; path = ../Polycode/Core/lib/libPolycore.a; sourceTree = "<group>"; };
		6D2800F113760DD500BD8D0D /* OpenGL.framework */ = {isa = PBXFileReference; lastKnownFileType = wrapper.framework; name = OpenGL.framework; path = System/Library/Frameworks/OpenGL.framework; sourceTree = SDKROOT; };
		6D2800F313760DDA00BD8D0D /* OpenAL.framework */ = {isa = PBXFileReference; lastKnownFileType = wrapper.framework; name = OpenAL.framework; path = System/Library/Frameworks/OpenAL.framework; sourceTree = SDKROOT; };
		6D2800F513760DE400BD8D0D /* IOKit.framework */ = {isa = PBXFileReference; lastKnownFileType = wrapper.framework; name = IOKit.framework; path = System/Library/Frameworks/IOKit.framework; sourceTree = SDKROOT; };
		6DE4C7EE13E24B92009A9862 /* libfreetype.a */ = {isa = PBXFileReference; lastKnownFileType = archive.ar; name = libfreetype.a; path = ../Polycode/Core/Dependencies/lib/libfreetype.a; sourceTree = "<group>"; };
		6DE4C7EF13E24B92009A9862 /* liblibogg.a */ = {isa = PBXFileReference; lastKnownFileType = archive.ar; name = liblibogg.a; path = ../Polycode/Core/Dependencies/lib/liblibogg.a; sourceTree = "<group>"; };
		6DE4C7F013E24B92009A9862 /* liblibvorbis.a */ = {isa = PBXFileReference; lastKnownFileType = archive.ar; name = liblibvorbis.a; path = ../Polycode/Core/Dependencies/lib/liblibvorbis.a; sourceTree = "<group>"; };
		6DE4C7F113E24B92009A9862 /* liblibvorbisfile.a */ = {isa = PBXFileReference; lastKnownFileType = archive.ar; name = liblibvorbisfile.a; path = ../Polycode/Core/Dependencies/lib/liblibvorbisfile.a; sourceTree = "<group>"; };
		6DE4C7F213E24B92009A9862 /* libphysfs.a */ = {isa = PBXFileReference; lastKnownFileType = archive.ar; name = libphysfs.a; path = ../Polycode/Core/Dependencies/lib/libphysfs.a; sourceTree = "<group>"; };
		6DE4C7F313E24B92009A9862 /* libpng15.a */ = {isa = PBXFileReference; lastKnownFileType = archive.ar; name = libpng15.a; path = ../Polycode/Core/Dependencies/lib/libpng15.a; sourceTree = "<group>"; };
		6DE4C7F413E24B92009A9862 /* libz.a */ = {isa = PBXFileReference; lastKnownFileType = archive.ar; name = libz.a; path = ../Polycode/Core/Dependencies/lib/libz.a; sourceTree = "<group>"; };
		F262FAB5180236C5008D0205 /* default.pak */ = {isa = PBXFileReference; lastKnownFileType = file; name = default.pak; path = ../../Polycode/Core/Assets/default.pak; sourceTree = "<group>"; };
		F262FAB7180236DA008D0205 /* PolycodeView.h */ = {isa = PBXFileReference; fileEncoding = 4; lastKnownFileType = sourcecode.c.h; name = PolycodeView.h; path = ../../Polycode/Core/PolycodeView/PolycodeView.h; sourceTree = "<group>"; };
		F262FAB8180236DA008D0205 /* PolycodeView.mm */ = {isa = PBXFileReference; fileEncoding = 4; lastKnownFileType = sourcecode.cpp.objcpp; name = PolycodeView.mm; path = ../../Polycode/Core/PolycodeView/PolycodeView.mm; sourceTree = "<group>"; };
		F262FABB18023736008D0205 /* AxeGame.cpp */ = {isa = PBXFileReference; fileEncoding = 4; lastKnownFileType = sourcecode.cpp.cpp; name = AxeGame.cpp; path = ../src/AxeGame.cpp; sourceTree = "<group>"; };
		F262FABC18023736008D0205 /* AxeGame.h */ = {isa = PBXFileReference; fileEncoding = 4; lastKnownFileType = sourcecode.c.h; name = AxeGame.h; path = ../src/AxeGame.h; sourceTree = "<group>"; };
		F262FABD18023736008D0205 /* Game.cpp */ = {isa = PBXFileReference; fileEncoding = 4; lastKnownFileType = sourcecode.cpp.cpp; name = Game.cpp; path = ../src/Game.cpp; sourceTree = "<group>"; };
		F262FABE18023736008D0205 /* Game.h */ = {isa = PBXFileReference; fileEncoding = 4; lastKnownFileType = sourcecode.c.h; name = Game.h; path = ../src/Game.h; sourceTree = "<group>"; };
		F262FABF18023736008D0205 /* GameEntity.cpp */ = {isa = PBXFileReference; fileEncoding = 4; lastKnownFileType = sourcecode.cpp.cpp; name = GameEntity.cpp; path = ../src/GameEntity.cpp; sourceTree = "<group>"; };
		F262FAC018023736008D0205 /* GameEntity.h */ = {isa = PBXFileReference; fileEncoding = 4; lastKnownFileType = sourcecode.c.h; name = GameEntity.h; path = ../src/GameEntity.h; sourceTree = "<group>"; };
		F262FAC118023736008D0205 /* GameState.cpp */ = {isa = PBXFileReference; fileEncoding = 4; lastKnownFileType = sourcecode.cpp.cpp; name = GameState.cpp; path = ../src/GameState.cpp; sourceTree = "<group>"; };
		F262FAC218023736008D0205 /* GameState.h */ = {isa = PBXFileReference; fileEncoding = 4; lastKnownFileType = sourcecode.c.h; name = GameState.h; path = ../src/GameState.h; sourceTree = "<group>"; };
		F262FAC318023736008D0205 /* LevelState.cpp */ = {isa = PBXFileReference; fileEncoding = 4; lastKnownFileType = sourcecode.cpp.cpp; name = LevelState.cpp; path = ../src/LevelState.cpp; sourceTree = "<group>"; };
		F262FAC418023736008D0205 /* LevelState.h */ = {isa = PBXFileReference; fileEncoding = 4; lastKnownFileType = sourcecode.c.h; name = LevelState.h; path = ../src/LevelState.h; sourceTree = "<group>"; };
		F262FAC518023736008D0205 /* MenuState.cpp */ = {isa = PBXFileReference; fileEncoding = 4; lastKnownFileType = sourcecode.cpp.cpp; name = MenuState.cpp; path = ../src/MenuState.cpp; sourceTree = "<group>"; };
		F262FAC618023736008D0205 /* MenuState.h */ = {isa = PBXFileReference; fileEncoding = 4; lastKnownFileType = sourcecode.c.h; name = MenuState.h; path = ../src/MenuState.h; sourceTree = "<group>"; };
		F262FAC718023736008D0205 /* Player.cpp */ = {isa = PBXFileReference; fileEncoding = 4; lastKnownFileType = sourcecode.cpp.cpp; name = Player.cpp; path = ../src/Player.cpp; sourceTree = "<group>"; };
		F262FAC818023736008D0205 /* Player.h */ = {isa = PBXFileReference; fileEncoding = 4; lastKnownFileType = sourcecode.c.h; name = Player.h; path = ../src/Player.h; sourceTree = "<group>"; };
		F270EDD61802369600602266 /* main.m */ = {isa = PBXFileReference; fileEncoding = 4; lastKnownFileType = sourcecode.c.objc; path = main.m; sourceTree = SOURCE_ROOT; };
		F270EDD71802369600602266 /* MainMenu.xib */ = {isa = PBXFileReference; fileEncoding = 4; lastKnownFileType = file.xib; path = MainMenu.xib; sourceTree = SOURCE_ROOT; };
		F270EDD81802369600602266 /* PolycodeTemplate-Info.plist */ = {isa = PBXFileReference; fileEncoding = 4; lastKnownFileType = text.plist.xml; path = "PolycodeTemplate-Info.plist"; sourceTree = SOURCE_ROOT; };
		F270EDD91802369600602266 /* PolycodeTemplate-Prefix.pch */ = {isa = PBXFileReference; fileEncoding = 4; lastKnownFileType = sourcecode.c.h; path = "PolycodeTemplate-Prefix.pch"; sourceTree = SOURCE_ROOT; };
		F270EDDA1802369600602266 /* PolycodeTemplateAppDelegate.h */ = {isa = PBXFileReference; fileEncoding = 4; lastKnownFileType = sourcecode.c.h; path = PolycodeTemplateAppDelegate.h; sourceTree = SOURCE_ROOT; };
		F270EDDB1802369600602266 /* PolycodeTemplateAppDelegate.mm */ = {isa = PBXFileReference; fileEncoding = 4; lastKnownFileType = sourcecode.cpp.objcpp; path = PolycodeTemplateAppDelegate.mm; sourceTree = SOURCE_ROOT; };
/* End PBXFileReference section */

/* Begin PBXFrameworksBuildPhase section */
		6D2800B413760D3E00BD8D0D /* Frameworks */ = {
			isa = PBXFrameworksBuildPhase;
			buildActionMask = 2147483647;
			files = (
				6D2800F613760DE400BD8D0D /* IOKit.framework in Frameworks */,
				6D2800F413760DDA00BD8D0D /* OpenAL.framework in Frameworks */,
				6D2800F213760DD500BD8D0D /* OpenGL.framework in Frameworks */,
				6D2800BC13760D3E00BD8D0D /* Cocoa.framework in Frameworks */,
				6D2800E113760D7400BD8D0D /* libPolycore.a in Frameworks */,
				6DE4C7F513E24B92009A9862 /* libfreetype.a in Frameworks */,
				6DE4C7F613E24B92009A9862 /* liblibogg.a in Frameworks */,
				6DE4C7F713E24B92009A9862 /* liblibvorbis.a in Frameworks */,
				6DE4C7F813E24B92009A9862 /* liblibvorbisfile.a in Frameworks */,
				6DE4C7F913E24B92009A9862 /* libphysfs.a in Frameworks */,
				6DE4C7FA13E24B92009A9862 /* libpng15.a in Frameworks */,
				6DE4C7FB13E24B92009A9862 /* libz.a in Frameworks */,
			);
			runOnlyForDeploymentPostprocessing = 0;
		};
/* End PBXFrameworksBuildPhase section */

/* Begin PBXGroup section */
		6D2800AC13760D3E00BD8D0D = {
			isa = PBXGroup;
			children = (
				F262FABA18023724008D0205 /* Game */,
				6D2800C213760D3E00BD8D0D /* Supporting Files */,
				6D2800BA13760D3E00BD8D0D /* Frameworks */,
				6D2800B813760D3E00BD8D0D /* Products */,
			);
			sourceTree = "<group>";
		};
		6D2800B813760D3E00BD8D0D /* Products */ = {
			isa = PBXGroup;
			children = (
				6D2800B713760D3E00BD8D0D /* PolycodeTemplate.app */,
			);
			name = Products;
			sourceTree = "<group>";
		};
		6D2800BA13760D3E00BD8D0D /* Frameworks */ = {
			isa = PBXGroup;
			children = (
				6DE4C7EE13E24B92009A9862 /* libfreetype.a */,
				6DE4C7EF13E24B92009A9862 /* liblibogg.a */,
				6DE4C7F013E24B92009A9862 /* liblibvorbis.a */,
				6DE4C7F113E24B92009A9862 /* liblibvorbisfile.a */,
				6DE4C7F213E24B92009A9862 /* libphysfs.a */,
				6DE4C7F313E24B92009A9862 /* libpng15.a */,
				6DE4C7F413E24B92009A9862 /* libz.a */,
				6D2800F513760DE400BD8D0D /* IOKit.framework */,
				6D2800F313760DDA00BD8D0D /* OpenAL.framework */,
				6D2800F113760DD500BD8D0D /* OpenGL.framework */,
				6D2800E013760D7400BD8D0D /* libPolycore.a */,
				6D2800BB13760D3E00BD8D0D /* Cocoa.framework */,
				6D2800BD13760D3E00BD8D0D /* Other Frameworks */,
			);
			name = Frameworks;
			sourceTree = "<group>";
		};
		6D2800BD13760D3E00BD8D0D /* Other Frameworks */ = {
			isa = PBXGroup;
			children = (
				6D2800BE13760D3E00BD8D0D /* AppKit.framework */,
				6D2800BF13760D3E00BD8D0D /* CoreData.framework */,
				6D2800C013760D3E00BD8D0D /* Foundation.framework */,
			);
			name = "Other Frameworks";
			sourceTree = "<group>";
		};
		6D2800C213760D3E00BD8D0D /* Supporting Files */ = {
			isa = PBXGroup;
			children = (
				F262FAB7180236DA008D0205 /* PolycodeView.h */,
				F262FAB8180236DA008D0205 /* PolycodeView.mm */,
				F262FAB5180236C5008D0205 /* default.pak */,
				F270EDD61802369600602266 /* main.m */,
				F270EDD71802369600602266 /* MainMenu.xib */,
				F270EDD81802369600602266 /* PolycodeTemplate-Info.plist */,
				F270EDD91802369600602266 /* PolycodeTemplate-Prefix.pch */,
				F270EDDA1802369600602266 /* PolycodeTemplateAppDelegate.h */,
				F270EDDB1802369600602266 /* PolycodeTemplateAppDelegate.mm */,
			);
			name = "Supporting Files";
			path = PolycodeTemplate;
			sourceTree = "<group>";
		};
		F262FABA18023724008D0205 /* Game */ = {
			isa = PBXGroup;
			children = (
				F262FABB18023736008D0205 /* AxeGame.cpp */,
				F262FABC18023736008D0205 /* AxeGame.h */,
				F262FABD18023736008D0205 /* Game.cpp */,
				F262FABE18023736008D0205 /* Game.h */,
				F262FABF18023736008D0205 /* GameEntity.cpp */,
				F262FAC018023736008D0205 /* GameEntity.h */,
				F262FAC118023736008D0205 /* GameState.cpp */,
				F262FAC218023736008D0205 /* GameState.h */,
				F262FAC318023736008D0205 /* LevelState.cpp */,
				F262FAC418023736008D0205 /* LevelState.h */,
				F262FAC518023736008D0205 /* MenuState.cpp */,
				F262FAC618023736008D0205 /* MenuState.h */,
				F262FAC718023736008D0205 /* Player.cpp */,
				F262FAC818023736008D0205 /* Player.h */,
			);
			name = Game;
			sourceTree = "<group>";
		};
/* End PBXGroup section */

/* Begin PBXNativeTarget section */
		6D2800B613760D3E00BD8D0D /* PolycodeTemplate */ = {
			isa = PBXNativeTarget;
			buildConfigurationList = 6D2800D513760D3E00BD8D0D /* Build configuration list for PBXNativeTarget "PolycodeTemplate" */;
			buildPhases = (
				6D2800B313760D3E00BD8D0D /* Sources */,
				6D2800B413760D3E00BD8D0D /* Frameworks */,
				6D2800B513760D3E00BD8D0D /* Resources */,
			);
			buildRules = (
			);
			dependencies = (
			);
			name = PolycodeTemplate;
			productName = PolycodeTemplate;
			productReference = 6D2800B713760D3E00BD8D0D /* PolycodeTemplate.app */;
			productType = "com.apple.product-type.application";
		};
/* End PBXNativeTarget section */

/* Begin PBXProject section */
		6D2800AE13760D3E00BD8D0D /* Project object */ = {
			isa = PBXProject;
			attributes = {
				ORGANIZATIONNAME = Tomatogon;
			};
			buildConfigurationList = 6D2800B113760D3E00BD8D0D /* Build configuration list for PBXProject "PolycodeTemplate" */;
			compatibilityVersion = "Xcode 3.2";
			developmentRegion = English;
			hasScannedForEncodings = 0;
			knownRegions = (
				en,
			);
			mainGroup = 6D2800AC13760D3E00BD8D0D;
			productRefGroup = 6D2800B813760D3E00BD8D0D /* Products */;
			projectDirPath = "";
			projectRoot = "";
			targets = (
				6D2800B613760D3E00BD8D0D /* PolycodeTemplate */,
			);
		};
/* End PBXProject section */

/* Begin PBXResourcesBuildPhase section */
		6D2800B513760D3E00BD8D0D /* Resources */ = {
			isa = PBXResourcesBuildPhase;
			buildActionMask = 2147483647;
			files = (
				F270EDDF1802369600602266 /* PolycodeTemplate-Info.plist in Resources */,
				F262FAB6180236C5008D0205 /* default.pak in Resources */,
				F270EDDE1802369600602266 /* MainMenu.xib in Resources */,
			);
			runOnlyForDeploymentPostprocessing = 0;
		};
/* End PBXResourcesBuildPhase section */

/* Begin PBXSourcesBuildPhase section */
		6D2800B313760D3E00BD8D0D /* Sources */ = {
			isa = PBXSourcesBuildPhase;
			buildActionMask = 2147483647;
			files = (
				F262FACD18023736008D0205 /* LevelState.cpp in Sources */,
				F262FAC918023736008D0205 /* AxeGame.cpp in Sources */,
				F262FAB9180236DA008D0205 /* PolycodeView.mm in Sources */,
				F262FACB18023736008D0205 /* GameEntity.cpp in Sources */,
				F262FACF18023736008D0205 /* Player.cpp in Sources */,
				F270EDE01802369600602266 /* PolycodeTemplateAppDelegate.mm in Sources */,
				F262FACC18023736008D0205 /* GameState.cpp in Sources */,
				F270EDDD1802369600602266 /* main.m in Sources */,
				F262FACE18023736008D0205 /* MenuState.cpp in Sources */,
				F262FACA18023736008D0205 /* Game.cpp in Sources */,
			);
			runOnlyForDeploymentPostprocessing = 0;
		};
/* End PBXSourcesBuildPhase section */

/* Begin XCBuildConfiguration section */
		6D2800D313760D3E00BD8D0D /* Debug */ = {
			isa = XCBuildConfiguration;
			buildSettings = {
				ARCHS = "$(ARCHS_STANDARD_32_64_BIT)";
				GCC_C_LANGUAGE_STANDARD = gnu99;
				GCC_OPTIMIZATION_LEVEL = 0;
				GCC_PREPROCESSOR_DEFINITIONS = DEBUG;
				GCC_SYMBOLS_PRIVATE_EXTERN = NO;
				GCC_VERSION = com.apple.compilers.llvm.clang.1_0;
				GCC_WARN_64_TO_32_BIT_CONVERSION = YES;
				GCC_WARN_ABOUT_RETURN_TYPE = YES;
				GCC_WARN_UNUSED_VARIABLE = YES;
				MACOSX_DEPLOYMENT_TARGET = 10.6;
				ONLY_ACTIVE_ARCH = YES;
				SDKROOT = macosx;
			};
			name = Debug;
		};
		6D2800D413760D3E00BD8D0D /* Release */ = {
			isa = XCBuildConfiguration;
			buildSettings = {
				ARCHS = "$(ARCHS_STANDARD_32_64_BIT)";
				GCC_C_LANGUAGE_STANDARD = gnu99;
				GCC_VERSION = com.apple.compilers.llvm.clang.1_0;
				GCC_WARN_64_TO_32_BIT_CONVERSION = YES;
				GCC_WARN_ABOUT_RETURN_TYPE = YES;
				GCC_WARN_UNUSED_VARIABLE = YES;
				MACOSX_DEPLOYMENT_TARGET = 10.6;
				SDKROOT = macosx;
			};
			name = Release;
		};
		6D2800D613760D3E00BD8D0D /* Debug */ = {
			isa = XCBuildConfiguration;
			buildSettings = {
				ALWAYS_SEARCH_USER_PATHS = NO;
				COPY_PHASE_STRIP = NO;
				GCC_DYNAMIC_NO_PIC = NO;
				GCC_ENABLE_OBJC_EXCEPTIONS = YES;
				GCC_PRECOMPILE_PREFIX_HEADER = YES;
				GCC_PREFIX_HEADER = "PolycodeTemplate-Prefix.pch";
				HEADER_SEARCH_PATHS = (
					"\"$(SRCROOT)/../Polycode/Core/Include\"",
					"\"$(SRCROOT)/../Polycode/Core/Dependencies/Include\"",
					/Developer/SDKs/MacOSX10.6.sdk/System/Library/Frameworks/OpenAL.framework/Headers,
					/Applications/Xcode.app/Contents/Developer/Platforms/MacOSX.platform/Developer/SDKs/MacOSX10.7.sdk/System/Library/Frameworks/OpenAL.framework/Headers,
				);
				INFOPLIST_FILE = "$(SRCROOT)/PolycodeTemplate-Info.plist";
				LIBRARY_SEARCH_PATHS = (
					"$(inherited)",
					"\"$(SRCROOT)/../Polycode/Core/lib\"",
					"\"$(SRCROOT)/../Polycode/Dependencies/Lib\"",
					"\"$(SRCROOT)/../Polycode/Core/Dependencies/lib\"",
				);
				PRODUCT_NAME = "$(TARGET_NAME)";
				WRAPPER_EXTENSION = app;
			};
			name = Debug;
		};
		6D2800D713760D3E00BD8D0D /* Release */ = {
			isa = XCBuildConfiguration;
			buildSettings = {
				ALWAYS_SEARCH_USER_PATHS = NO;
				COPY_PHASE_STRIP = YES;
				DEBUG_INFORMATION_FORMAT = "dwarf-with-dsym";
				GCC_ENABLE_OBJC_EXCEPTIONS = YES;
				GCC_PRECOMPILE_PREFIX_HEADER = YES;
				GCC_PREFIX_HEADER = "PolycodeTemplate-Prefix.pch";
				HEADER_SEARCH_PATHS = (
					"\"$(SRCROOT)/../Polycode/Core/Include\"",
					"\"$(SRCROOT)/../Polycode/Core/Dependencies/Include\"",
					/Developer/SDKs/MacOSX10.6.sdk/System/Library/Frameworks/OpenAL.framework/Headers,
					/Applications/Xcode.app/Contents/Developer/Platforms/MacOSX.platform/Developer/SDKs/MacOSX10.7.sdk/System/Library/Frameworks/OpenAL.framework/Headers,
				);
				INFOPLIST_FILE = "$(SRCROOT)/PolycodeTemplate-Info.plist";
				LIBRARY_SEARCH_PATHS = (
					"$(inherited)",
					"\"$(SRCROOT)/../Polycode/Core/lib\"",
					"\"$(SRCROOT)/../Polycode/Dependencies/Lib\"",
					"\"$(SRCROOT)/../Polycode/Core/Dependencies/lib\"",
				);
				PRODUCT_NAME = "$(TARGET_NAME)";
				WRAPPER_EXTENSION = app;
			};
			name = Release;
		};
/* End XCBuildConfiguration section */

/* Begin XCConfigurationList section */
		6D2800B113760D3E00BD8D0D /* Build configuration list for PBXProject "PolycodeTemplate" */ = {
			isa = XCConfigurationList;
			buildConfigurations = (
				6D2800D313760D3E00BD8D0D /* Debug */,
				6D2800D413760D3E00BD8D0D /* Release */,
			);
			defaultConfigurationIsVisible = 0;
			defaultConfigurationName = Release;
		};
		6D2800D513760D3E00BD8D0D /* Build configuration list for PBXNativeTarget "PolycodeTemplate" */ = {
			isa = XCConfigurationList;
			buildConfigurations = (
				6D2800D613760D3E00BD8D0D /* Debug */,
				6D2800D713760D3E00BD8D0D /* Release */,
			);
			defaultConfigurationIsVisible = 0;
			defaultConfigurationName = Release;
		};
/* End XCConfigurationList section */
	};
	rootObject = 6D2800AE13760D3E00BD8D0D /* Project object */;
}
